// !$*UTF8*$!
{
	archiveVersion = 1;
	classes = {
	};
	objectVersion = 56;
	objects = {

/* Begin PBXBuildFile section */
		93E4440E2A83CF4700D3E6CE /* AppDelegate.swift in Sources */ = {isa = PBXBuildFile; fileRef = 93E4440D2A83CF4700D3E6CE /* AppDelegate.swift */; };
		93E444102A83CF4700D3E6CE /* SceneDelegate.swift in Sources */ = {isa = PBXBuildFile; fileRef = 93E4440F2A83CF4700D3E6CE /* SceneDelegate.swift */; };
		93E444122A83CF4700D3E6CE /* ViewController.swift in Sources */ = {isa = PBXBuildFile; fileRef = 93E444112A83CF4700D3E6CE /* ViewController.swift */; };
		93E444152A83CF4700D3E6CE /* Main.storyboard in Resources */ = {isa = PBXBuildFile; fileRef = 93E444132A83CF4700D3E6CE /* Main.storyboard */; };
		93E444172A83CF4900D3E6CE /* Assets.xcassets in Resources */ = {isa = PBXBuildFile; fileRef = 93E444162A83CF4900D3E6CE /* Assets.xcassets */; };
		93E4441A2A83CF4900D3E6CE /* LaunchScreen.storyboard in Resources */ = {isa = PBXBuildFile; fileRef = 93E444182A83CF4900D3E6CE /* LaunchScreen.storyboard */; };
		93E444252A83CF4900D3E6CE /* NewsFeedTests.swift in Sources */ = {isa = PBXBuildFile; fileRef = 93E444242A83CF4900D3E6CE /* NewsFeedTests.swift */; };
		93E4442F2A83CF4900D3E6CE /* NewsFeedUITests.swift in Sources */ = {isa = PBXBuildFile; fileRef = 93E4442E2A83CF4900D3E6CE /* NewsFeedUITests.swift */; };
		93E444312A83CF4900D3E6CE /* NewsFeedUITestsLaunchTests.swift in Sources */ = {isa = PBXBuildFile; fileRef = 93E444302A83CF4900D3E6CE /* NewsFeedUITestsLaunchTests.swift */; };
		93E4443E2A85155900D3E6CE /* Constants.swift in Sources */ = {isa = PBXBuildFile; fileRef = 93E4443D2A85155900D3E6CE /* Constants.swift */; };
		93E444402A85169300D3E6CE /* Extensions.swift in Sources */ = {isa = PBXBuildFile; fileRef = 93E4443F2A85169300D3E6CE /* Extensions.swift */; };
		93E444422A8516BC00D3E6CE /* MainView.swift in Sources */ = {isa = PBXBuildFile; fileRef = 93E444412A8516BC00D3E6CE /* MainView.swift */; };
		93E444452A8516EC00D3E6CE /* SnapKit in Frameworks */ = {isa = PBXBuildFile; productRef = 93E444442A8516EC00D3E6CE /* SnapKit */; };
		93E4444A2A8517A700D3E6CE /* Poppins-Regular.ttf in Resources */ = {isa = PBXBuildFile; fileRef = 93E444472A8517A700D3E6CE /* Poppins-Regular.ttf */; };
		93E4444B2A8517A700D3E6CE /* Poppins-Bold.ttf in Resources */ = {isa = PBXBuildFile; fileRef = 93E444482A8517A700D3E6CE /* Poppins-Bold.ttf */; };
		93E4444C2A8517A700D3E6CE /* Poppins-Medium.ttf in Resources */ = {isa = PBXBuildFile; fileRef = 93E444492A8517A700D3E6CE /* Poppins-Medium.ttf */; };
		93E4444E2A851EFE00D3E6CE /* SearchViewController.swift in Sources */ = {isa = PBXBuildFile; fileRef = 93E4444D2A851EFE00D3E6CE /* SearchViewController.swift */; };
		93E444512A851F5D00D3E6CE /* BellViewController.swift in Sources */ = {isa = PBXBuildFile; fileRef = 93E444502A851F5D00D3E6CE /* BellViewController.swift */; };
		93E444532A851F8D00D3E6CE /* SavedViewController.swift in Sources */ = {isa = PBXBuildFile; fileRef = 93E444522A851F8D00D3E6CE /* SavedViewController.swift */; };
/* End PBXBuildFile section */

/* Begin PBXContainerItemProxy section */
		93E444212A83CF4900D3E6CE /* PBXContainerItemProxy */ = {
			isa = PBXContainerItemProxy;
			containerPortal = 93E444022A83CF4700D3E6CE /* Project object */;
			proxyType = 1;
			remoteGlobalIDString = 93E444092A83CF4700D3E6CE;
			remoteInfo = NewsFeed;
		};
		93E4442B2A83CF4900D3E6CE /* PBXContainerItemProxy */ = {
			isa = PBXContainerItemProxy;
			containerPortal = 93E444022A83CF4700D3E6CE /* Project object */;
			proxyType = 1;
			remoteGlobalIDString = 93E444092A83CF4700D3E6CE;
			remoteInfo = NewsFeed;
		};
/* End PBXContainerItemProxy section */

/* Begin PBXFileReference section */
		93E4440A2A83CF4700D3E6CE /* NewsFeed.app */ = {isa = PBXFileReference; explicitFileType = wrapper.application; includeInIndex = 0; path = NewsFeed.app; sourceTree = BUILT_PRODUCTS_DIR; };
		93E4440D2A83CF4700D3E6CE /* AppDelegate.swift */ = {isa = PBXFileReference; lastKnownFileType = sourcecode.swift; path = AppDelegate.swift; sourceTree = "<group>"; };
		93E4440F2A83CF4700D3E6CE /* SceneDelegate.swift */ = {isa = PBXFileReference; lastKnownFileType = sourcecode.swift; path = SceneDelegate.swift; sourceTree = "<group>"; };
		93E444112A83CF4700D3E6CE /* ViewController.swift */ = {isa = PBXFileReference; lastKnownFileType = sourcecode.swift; path = ViewController.swift; sourceTree = "<group>"; };
		93E444142A83CF4700D3E6CE /* Base */ = {isa = PBXFileReference; lastKnownFileType = file.storyboard; name = Base; path = Base.lproj/Main.storyboard; sourceTree = "<group>"; };
		93E444162A83CF4900D3E6CE /* Assets.xcassets */ = {isa = PBXFileReference; lastKnownFileType = folder.assetcatalog; path = Assets.xcassets; sourceTree = "<group>"; };
		93E444192A83CF4900D3E6CE /* Base */ = {isa = PBXFileReference; lastKnownFileType = file.storyboard; name = Base; path = Base.lproj/LaunchScreen.storyboard; sourceTree = "<group>"; };
		93E4441B2A83CF4900D3E6CE /* Info.plist */ = {isa = PBXFileReference; lastKnownFileType = text.plist.xml; path = Info.plist; sourceTree = "<group>"; };
		93E444202A83CF4900D3E6CE /* NewsFeedTests.xctest */ = {isa = PBXFileReference; explicitFileType = wrapper.cfbundle; includeInIndex = 0; path = NewsFeedTests.xctest; sourceTree = BUILT_PRODUCTS_DIR; };
		93E444242A83CF4900D3E6CE /* NewsFeedTests.swift */ = {isa = PBXFileReference; lastKnownFileType = sourcecode.swift; path = NewsFeedTests.swift; sourceTree = "<group>"; };
		93E4442A2A83CF4900D3E6CE /* NewsFeedUITests.xctest */ = {isa = PBXFileReference; explicitFileType = wrapper.cfbundle; includeInIndex = 0; path = NewsFeedUITests.xctest; sourceTree = BUILT_PRODUCTS_DIR; };
		93E4442E2A83CF4900D3E6CE /* NewsFeedUITests.swift */ = {isa = PBXFileReference; lastKnownFileType = sourcecode.swift; path = NewsFeedUITests.swift; sourceTree = "<group>"; };
		93E444302A83CF4900D3E6CE /* NewsFeedUITestsLaunchTests.swift */ = {isa = PBXFileReference; lastKnownFileType = sourcecode.swift; path = NewsFeedUITestsLaunchTests.swift; sourceTree = "<group>"; };
		93E4443D2A85155900D3E6CE /* Constants.swift */ = {isa = PBXFileReference; lastKnownFileType = sourcecode.swift; path = Constants.swift; sourceTree = "<group>"; };
		93E4443F2A85169300D3E6CE /* Extensions.swift */ = {isa = PBXFileReference; lastKnownFileType = sourcecode.swift; path = Extensions.swift; sourceTree = "<group>"; };
		93E444412A8516BC00D3E6CE /* MainView.swift */ = {isa = PBXFileReference; lastKnownFileType = sourcecode.swift; path = MainView.swift; sourceTree = "<group>"; };
		93E444472A8517A700D3E6CE /* Poppins-Regular.ttf */ = {isa = PBXFileReference; lastKnownFileType = file; path = "Poppins-Regular.ttf"; sourceTree = "<group>"; };
		93E444482A8517A700D3E6CE /* Poppins-Bold.ttf */ = {isa = PBXFileReference; lastKnownFileType = file; path = "Poppins-Bold.ttf"; sourceTree = "<group>"; };
		93E444492A8517A700D3E6CE /* Poppins-Medium.ttf */ = {isa = PBXFileReference; lastKnownFileType = file; path = "Poppins-Medium.ttf"; sourceTree = "<group>"; };
		93E4444D2A851EFE00D3E6CE /* SearchViewController.swift */ = {isa = PBXFileReference; lastKnownFileType = sourcecode.swift; path = SearchViewController.swift; sourceTree = "<group>"; };
		93E444502A851F5D00D3E6CE /* BellViewController.swift */ = {isa = PBXFileReference; lastKnownFileType = sourcecode.swift; path = BellViewController.swift; sourceTree = "<group>"; };
		93E444522A851F8D00D3E6CE /* SavedViewController.swift */ = {isa = PBXFileReference; lastKnownFileType = sourcecode.swift; path = SavedViewController.swift; sourceTree = "<group>"; };
/* End PBXFileReference section */

/* Begin PBXFrameworksBuildPhase section */
		93E444072A83CF4700D3E6CE /* Frameworks */ = {
			isa = PBXFrameworksBuildPhase;
			buildActionMask = 2147483647;
			files = (
				93E444452A8516EC00D3E6CE /* SnapKit in Frameworks */,
			);
			runOnlyForDeploymentPostprocessing = 0;
		};
		93E4441D2A83CF4900D3E6CE /* Frameworks */ = {
			isa = PBXFrameworksBuildPhase;
			buildActionMask = 2147483647;
			files = (
			);
			runOnlyForDeploymentPostprocessing = 0;
		};
		93E444272A83CF4900D3E6CE /* Frameworks */ = {
			isa = PBXFrameworksBuildPhase;
			buildActionMask = 2147483647;
			files = (
			);
			runOnlyForDeploymentPostprocessing = 0;
		};
/* End PBXFrameworksBuildPhase section */

/* Begin PBXGroup section */
		93E444012A83CF4700D3E6CE = {
			isa = PBXGroup;
			children = (
				93E4440C2A83CF4700D3E6CE /* NewsFeed */,
				93E444232A83CF4900D3E6CE /* NewsFeedTests */,
				93E4442D2A83CF4900D3E6CE /* NewsFeedUITests */,
				93E4440B2A83CF4700D3E6CE /* Products */,
			);
			sourceTree = "<group>";
		};
		93E4440B2A83CF4700D3E6CE /* Products */ = {
			isa = PBXGroup;
			children = (
				93E4440A2A83CF4700D3E6CE /* NewsFeed.app */,
				93E444202A83CF4900D3E6CE /* NewsFeedTests.xctest */,
				93E4442A2A83CF4900D3E6CE /* NewsFeedUITests.xctest */,
			);
			name = Products;
			sourceTree = "<group>";
		};
		93E4440C2A83CF4700D3E6CE /* NewsFeed */ = {
			isa = PBXGroup;
			children = (
				93E4440D2A83CF4700D3E6CE /* AppDelegate.swift */,
				93E4440F2A83CF4700D3E6CE /* SceneDelegate.swift */,
				93E4444F2A851F3E00D3E6CE /* Controller */,
				93E4443F2A85169300D3E6CE /* Extensions.swift */,
				93E4443D2A85155900D3E6CE /* Constants.swift */,
				93E444412A8516BC00D3E6CE /* MainView.swift */,
				93E444462A85178400D3E6CE /* Fonts */,
				93E444132A83CF4700D3E6CE /* Main.storyboard */,
				93E444162A83CF4900D3E6CE /* Assets.xcassets */,
				93E444182A83CF4900D3E6CE /* LaunchScreen.storyboard */,
				93E4441B2A83CF4900D3E6CE /* Info.plist */,
			);
			path = NewsFeed;
			sourceTree = "<group>";
		};
		93E444232A83CF4900D3E6CE /* NewsFeedTests */ = {
			isa = PBXGroup;
			children = (
				93E444242A83CF4900D3E6CE /* NewsFeedTests.swift */,
			);
			path = NewsFeedTests;
			sourceTree = "<group>";
		};
		93E4442D2A83CF4900D3E6CE /* NewsFeedUITests */ = {
			isa = PBXGroup;
			children = (
				93E4442E2A83CF4900D3E6CE /* NewsFeedUITests.swift */,
				93E444302A83CF4900D3E6CE /* NewsFeedUITestsLaunchTests.swift */,
			);
			path = NewsFeedUITests;
			sourceTree = "<group>";
		};
		93E444462A85178400D3E6CE /* Fonts */ = {
			isa = PBXGroup;
			children = (
				93E444482A8517A700D3E6CE /* Poppins-Bold.ttf */,
				93E444492A8517A700D3E6CE /* Poppins-Medium.ttf */,
				93E444472A8517A700D3E6CE /* Poppins-Regular.ttf */,
			);
			path = Fonts;
			sourceTree = "<group>";
		};
		93E4444F2A851F3E00D3E6CE /* Controller */ = {
			isa = PBXGroup;
			children = (
				93E444112A83CF4700D3E6CE /* ViewController.swift */,
				93E4444D2A851EFE00D3E6CE /* SearchViewController.swift */,
				93E444502A851F5D00D3E6CE /* BellViewController.swift */,
				93E444522A851F8D00D3E6CE /* SavedViewController.swift */,
			);
			path = Controller;
			sourceTree = "<group>";
		};
/* End PBXGroup section */

/* Begin PBXNativeTarget section */
		93E444092A83CF4700D3E6CE /* NewsFeed */ = {
			isa = PBXNativeTarget;
			buildConfigurationList = 93E444342A83CF4900D3E6CE /* Build configuration list for PBXNativeTarget "NewsFeed" */;
			buildPhases = (
				93E444062A83CF4700D3E6CE /* Sources */,
				93E444072A83CF4700D3E6CE /* Frameworks */,
				93E444082A83CF4700D3E6CE /* Resources */,
			);
			buildRules = (
			);
			dependencies = (
			);
			name = NewsFeed;
			packageProductDependencies = (
				93E444442A8516EC00D3E6CE /* SnapKit */,
			);
			productName = NewsFeed;
			productReference = 93E4440A2A83CF4700D3E6CE /* NewsFeed.app */;
			productType = "com.apple.product-type.application";
		};
		93E4441F2A83CF4900D3E6CE /* NewsFeedTests */ = {
			isa = PBXNativeTarget;
			buildConfigurationList = 93E444372A83CF4900D3E6CE /* Build configuration list for PBXNativeTarget "NewsFeedTests" */;
			buildPhases = (
				93E4441C2A83CF4900D3E6CE /* Sources */,
				93E4441D2A83CF4900D3E6CE /* Frameworks */,
				93E4441E2A83CF4900D3E6CE /* Resources */,
			);
			buildRules = (
			);
			dependencies = (
				93E444222A83CF4900D3E6CE /* PBXTargetDependency */,
			);
			name = NewsFeedTests;
			productName = NewsFeedTests;
			productReference = 93E444202A83CF4900D3E6CE /* NewsFeedTests.xctest */;
			productType = "com.apple.product-type.bundle.unit-test";
		};
		93E444292A83CF4900D3E6CE /* NewsFeedUITests */ = {
			isa = PBXNativeTarget;
			buildConfigurationList = 93E4443A2A83CF4900D3E6CE /* Build configuration list for PBXNativeTarget "NewsFeedUITests" */;
			buildPhases = (
				93E444262A83CF4900D3E6CE /* Sources */,
				93E444272A83CF4900D3E6CE /* Frameworks */,
				93E444282A83CF4900D3E6CE /* Resources */,
			);
			buildRules = (
			);
			dependencies = (
				93E4442C2A83CF4900D3E6CE /* PBXTargetDependency */,
			);
			name = NewsFeedUITests;
			productName = NewsFeedUITests;
			productReference = 93E4442A2A83CF4900D3E6CE /* NewsFeedUITests.xctest */;
			productType = "com.apple.product-type.bundle.ui-testing";
		};
/* End PBXNativeTarget section */

/* Begin PBXProject section */
		93E444022A83CF4700D3E6CE /* Project object */ = {
			isa = PBXProject;
			attributes = {
				BuildIndependentTargetsInParallel = 1;
				LastSwiftUpdateCheck = 1430;
				LastUpgradeCheck = 1430;
				TargetAttributes = {
					93E444092A83CF4700D3E6CE = {
						CreatedOnToolsVersion = 14.3.1;
					};
					93E4441F2A83CF4900D3E6CE = {
						CreatedOnToolsVersion = 14.3.1;
						TestTargetID = 93E444092A83CF4700D3E6CE;
					};
					93E444292A83CF4900D3E6CE = {
						CreatedOnToolsVersion = 14.3.1;
						TestTargetID = 93E444092A83CF4700D3E6CE;
					};
				};
			};
			buildConfigurationList = 93E444052A83CF4700D3E6CE /* Build configuration list for PBXProject "NewsFeed" */;
			compatibilityVersion = "Xcode 14.0";
			developmentRegion = en;
			hasScannedForEncodings = 0;
			knownRegions = (
				en,
				Base,
			);
			mainGroup = 93E444012A83CF4700D3E6CE;
			packageReferences = (
				93E444432A8516EC00D3E6CE /* XCRemoteSwiftPackageReference "SnapKit" */,
			);
			productRefGroup = 93E4440B2A83CF4700D3E6CE /* Products */;
			projectDirPath = "";
			projectRoot = "";
			targets = (
				93E444092A83CF4700D3E6CE /* NewsFeed */,
				93E4441F2A83CF4900D3E6CE /* NewsFeedTests */,
				93E444292A83CF4900D3E6CE /* NewsFeedUITests */,
			);
		};
/* End PBXProject section */

/* Begin PBXResourcesBuildPhase section */
		93E444082A83CF4700D3E6CE /* Resources */ = {
			isa = PBXResourcesBuildPhase;
			buildActionMask = 2147483647;
			files = (
				93E4441A2A83CF4900D3E6CE /* LaunchScreen.storyboard in Resources */,
				93E444172A83CF4900D3E6CE /* Assets.xcassets in Resources */,
				93E4444B2A8517A700D3E6CE /* Poppins-Bold.ttf in Resources */,
				93E4444C2A8517A700D3E6CE /* Poppins-Medium.ttf in Resources */,
				93E444152A83CF4700D3E6CE /* Main.storyboard in Resources */,
				93E4444A2A8517A700D3E6CE /* Poppins-Regular.ttf in Resources */,
			);
			runOnlyForDeploymentPostprocessing = 0;
		};
		93E4441E2A83CF4900D3E6CE /* Resources */ = {
			isa = PBXResourcesBuildPhase;
			buildActionMask = 2147483647;
			files = (
			);
			runOnlyForDeploymentPostprocessing = 0;
		};
		93E444282A83CF4900D3E6CE /* Resources */ = {
			isa = PBXResourcesBuildPhase;
			buildActionMask = 2147483647;
			files = (
			);
			runOnlyForDeploymentPostprocessing = 0;
		};
/* End PBXResourcesBuildPhase section */

/* Begin PBXSourcesBuildPhase section */
		93E444062A83CF4700D3E6CE /* Sources */ = {
			isa = PBXSourcesBuildPhase;
			buildActionMask = 2147483647;
			files = (
				93E444402A85169300D3E6CE /* Extensions.swift in Sources */,
				93E444512A851F5D00D3E6CE /* BellViewController.swift in Sources */,
				93E4444E2A851EFE00D3E6CE /* SearchViewController.swift in Sources */,
				93E444532A851F8D00D3E6CE /* SavedViewController.swift in Sources */,
				93E444422A8516BC00D3E6CE /* MainView.swift in Sources */,
				93E444122A83CF4700D3E6CE /* ViewController.swift in Sources */,
				93E4440E2A83CF4700D3E6CE /* AppDelegate.swift in Sources */,
				93E444102A83CF4700D3E6CE /* SceneDelegate.swift in Sources */,
				93E4443E2A85155900D3E6CE /* Constants.swift in Sources */,
			);
			runOnlyForDeploymentPostprocessing = 0;
		};
		93E4441C2A83CF4900D3E6CE /* Sources */ = {
			isa = PBXSourcesBuildPhase;
			buildActionMask = 2147483647;
			files = (
				93E444252A83CF4900D3E6CE /* NewsFeedTests.swift in Sources */,
			);
			runOnlyForDeploymentPostprocessing = 0;
		};
		93E444262A83CF4900D3E6CE /* Sources */ = {
			isa = PBXSourcesBuildPhase;
			buildActionMask = 2147483647;
			files = (
				93E444312A83CF4900D3E6CE /* NewsFeedUITestsLaunchTests.swift in Sources */,
				93E4442F2A83CF4900D3E6CE /* NewsFeedUITests.swift in Sources */,
			);
			runOnlyForDeploymentPostprocessing = 0;
		};
/* End PBXSourcesBuildPhase section */

/* Begin PBXTargetDependency section */
		93E444222A83CF4900D3E6CE /* PBXTargetDependency */ = {
			isa = PBXTargetDependency;
			target = 93E444092A83CF4700D3E6CE /* NewsFeed */;
			targetProxy = 93E444212A83CF4900D3E6CE /* PBXContainerItemProxy */;
		};
		93E4442C2A83CF4900D3E6CE /* PBXTargetDependency */ = {
			isa = PBXTargetDependency;
			target = 93E444092A83CF4700D3E6CE /* NewsFeed */;
			targetProxy = 93E4442B2A83CF4900D3E6CE /* PBXContainerItemProxy */;
		};
/* End PBXTargetDependency section */

/* Begin PBXVariantGroup section */
		93E444132A83CF4700D3E6CE /* Main.storyboard */ = {
			isa = PBXVariantGroup;
			children = (
				93E444142A83CF4700D3E6CE /* Base */,
			);
			name = Main.storyboard;
			sourceTree = "<group>";
		};
		93E444182A83CF4900D3E6CE /* LaunchScreen.storyboard */ = {
			isa = PBXVariantGroup;
			children = (
				93E444192A83CF4900D3E6CE /* Base */,
			);
			name = LaunchScreen.storyboard;
			sourceTree = "<group>";
		};
/* End PBXVariantGroup section */

/* Begin XCBuildConfiguration section */
		93E444322A83CF4900D3E6CE /* Debug */ = {
			isa = XCBuildConfiguration;
			buildSettings = {
				ALWAYS_SEARCH_USER_PATHS = NO;
				CLANG_ANALYZER_NONNULL = YES;
				CLANG_ANALYZER_NUMBER_OBJECT_CONVERSION = YES_AGGRESSIVE;
				CLANG_CXX_LANGUAGE_STANDARD = "gnu++20";
				CLANG_ENABLE_MODULES = YES;
				CLANG_ENABLE_OBJC_ARC = YES;
				CLANG_ENABLE_OBJC_WEAK = YES;
				CLANG_WARN_BLOCK_CAPTURE_AUTORELEASING = YES;
				CLANG_WARN_BOOL_CONVERSION = YES;
				CLANG_WARN_COMMA = YES;
				CLANG_WARN_CONSTANT_CONVERSION = YES;
				CLANG_WARN_DEPRECATED_OBJC_IMPLEMENTATIONS = YES;
				CLANG_WARN_DIRECT_OBJC_ISA_USAGE = YES_ERROR;
				CLANG_WARN_DOCUMENTATION_COMMENTS = YES;
				CLANG_WARN_EMPTY_BODY = YES;
				CLANG_WARN_ENUM_CONVERSION = YES;
				CLANG_WARN_INFINITE_RECURSION = YES;
				CLANG_WARN_INT_CONVERSION = YES;
				CLANG_WARN_NON_LITERAL_NULL_CONVERSION = YES;
				CLANG_WARN_OBJC_IMPLICIT_RETAIN_SELF = YES;
				CLANG_WARN_OBJC_LITERAL_CONVERSION = YES;
				CLANG_WARN_OBJC_ROOT_CLASS = YES_ERROR;
				CLANG_WARN_QUOTED_INCLUDE_IN_FRAMEWORK_HEADER = YES;
				CLANG_WARN_RANGE_LOOP_ANALYSIS = YES;
				CLANG_WARN_STRICT_PROTOTYPES = YES;
				CLANG_WARN_SUSPICIOUS_MOVE = YES;
				CLANG_WARN_UNGUARDED_AVAILABILITY = YES_AGGRESSIVE;
				CLANG_WARN_UNREACHABLE_CODE = YES;
				CLANG_WARN__DUPLICATE_METHOD_MATCH = YES;
				COPY_PHASE_STRIP = NO;
				DEBUG_INFORMATION_FORMAT = dwarf;
				ENABLE_STRICT_OBJC_MSGSEND = YES;
				ENABLE_TESTABILITY = YES;
				GCC_C_LANGUAGE_STANDARD = gnu11;
				GCC_DYNAMIC_NO_PIC = NO;
				GCC_NO_COMMON_BLOCKS = YES;
				GCC_OPTIMIZATION_LEVEL = 0;
				GCC_PREPROCESSOR_DEFINITIONS = (
					"DEBUG=1",
					"$(inherited)",
				);
				GCC_WARN_64_TO_32_BIT_CONVERSION = YES;
				GCC_WARN_ABOUT_RETURN_TYPE = YES_ERROR;
				GCC_WARN_UNDECLARED_SELECTOR = YES;
				GCC_WARN_UNINITIALIZED_AUTOS = YES_AGGRESSIVE;
				GCC_WARN_UNUSED_FUNCTION = YES;
				GCC_WARN_UNUSED_VARIABLE = YES;
				IPHONEOS_DEPLOYMENT_TARGET = 16.4;
				MTL_ENABLE_DEBUG_INFO = INCLUDE_SOURCE;
				MTL_FAST_MATH = YES;
				ONLY_ACTIVE_ARCH = YES;
				SDKROOT = iphoneos;
				SWIFT_ACTIVE_COMPILATION_CONDITIONS = DEBUG;
				SWIFT_OPTIMIZATION_LEVEL = "-Onone";
			};
			name = Debug;
		};
		93E444332A83CF4900D3E6CE /* Release */ = {
			isa = XCBuildConfiguration;
			buildSettings = {
				ALWAYS_SEARCH_USER_PATHS = NO;
				CLANG_ANALYZER_NONNULL = YES;
				CLANG_ANALYZER_NUMBER_OBJECT_CONVERSION = YES_AGGRESSIVE;
				CLANG_CXX_LANGUAGE_STANDARD = "gnu++20";
				CLANG_ENABLE_MODULES = YES;
				CLANG_ENABLE_OBJC_ARC = YES;
				CLANG_ENABLE_OBJC_WEAK = YES;
				CLANG_WARN_BLOCK_CAPTURE_AUTORELEASING = YES;
				CLANG_WARN_BOOL_CONVERSION = YES;
				CLANG_WARN_COMMA = YES;
				CLANG_WARN_CONSTANT_CONVERSION = YES;
				CLANG_WARN_DEPRECATED_OBJC_IMPLEMENTATIONS = YES;
				CLANG_WARN_DIRECT_OBJC_ISA_USAGE = YES_ERROR;
				CLANG_WARN_DOCUMENTATION_COMMENTS = YES;
				CLANG_WARN_EMPTY_BODY = YES;
				CLANG_WARN_ENUM_CONVERSION = YES;
				CLANG_WARN_INFINITE_RECURSION = YES;
				CLANG_WARN_INT_CONVERSION = YES;
				CLANG_WARN_NON_LITERAL_NULL_CONVERSION = YES;
				CLANG_WARN_OBJC_IMPLICIT_RETAIN_SELF = YES;
				CLANG_WARN_OBJC_LITERAL_CONVERSION = YES;
				CLANG_WARN_OBJC_ROOT_CLASS = YES_ERROR;
				CLANG_WARN_QUOTED_INCLUDE_IN_FRAMEWORK_HEADER = YES;
				CLANG_WARN_RANGE_LOOP_ANALYSIS = YES;
				CLANG_WARN_STRICT_PROTOTYPES = YES;
				CLANG_WARN_SUSPICIOUS_MOVE = YES;
				CLANG_WARN_UNGUARDED_AVAILABILITY = YES_AGGRESSIVE;
				CLANG_WARN_UNREACHABLE_CODE = YES;
				CLANG_WARN__DUPLICATE_METHOD_MATCH = YES;
				COPY_PHASE_STRIP = NO;
				DEBUG_INFORMATION_FORMAT = "dwarf-with-dsym";
				ENABLE_NS_ASSERTIONS = NO;
				ENABLE_STRICT_OBJC_MSGSEND = YES;
				GCC_C_LANGUAGE_STANDARD = gnu11;
				GCC_NO_COMMON_BLOCKS = YES;
				GCC_WARN_64_TO_32_BIT_CONVERSION = YES;
				GCC_WARN_ABOUT_RETURN_TYPE = YES_ERROR;
				GCC_WARN_UNDECLARED_SELECTOR = YES;
				GCC_WARN_UNINITIALIZED_AUTOS = YES_AGGRESSIVE;
				GCC_WARN_UNUSED_FUNCTION = YES;
				GCC_WARN_UNUSED_VARIABLE = YES;
				IPHONEOS_DEPLOYMENT_TARGET = 16.4;
				MTL_ENABLE_DEBUG_INFO = NO;
				MTL_FAST_MATH = YES;
				SDKROOT = iphoneos;
				SWIFT_COMPILATION_MODE = wholemodule;
				SWIFT_OPTIMIZATION_LEVEL = "-O";
				VALIDATE_PRODUCT = YES;
			};
			name = Release;
		};
		93E444352A83CF4900D3E6CE /* Debug */ = {
			isa = XCBuildConfiguration;
			buildSettings = {
				ASSETCATALOG_COMPILER_APPICON_NAME = AppIcon;
				ASSETCATALOG_COMPILER_GLOBAL_ACCENT_COLOR_NAME = AccentColor;
				CODE_SIGN_STYLE = Automatic;
				CURRENT_PROJECT_VERSION = 1;
				DEVELOPMENT_TEAM = 63ZB4894ZK;
				GENERATE_INFOPLIST_FILE = YES;
				INFOPLIST_FILE = NewsFeed/Info.plist;
				INFOPLIST_KEY_UIApplicationSupportsIndirectInputEvents = YES;
				INFOPLIST_KEY_UILaunchStoryboardName = LaunchScreen;
				INFOPLIST_KEY_UIMainStoryboardFile = Main;
				INFOPLIST_KEY_UISupportedInterfaceOrientations_iPad = "UIInterfaceOrientationPortrait UIInterfaceOrientationPortraitUpsideDown UIInterfaceOrientationLandscapeLeft UIInterfaceOrientationLandscapeRight";
				INFOPLIST_KEY_UISupportedInterfaceOrientations_iPhone = "UIInterfaceOrientationPortrait UIInterfaceOrientationLandscapeLeft UIInterfaceOrientationLandscapeRight";
				LD_RUNPATH_SEARCH_PATHS = (
					"$(inherited)",
					"@executable_path/Frameworks",
				);
				MARKETING_VERSION = 1.0;
				PRODUCT_BUNDLE_IDENTIFIER = com.testapp.NewsFeed;
				PRODUCT_NAME = "$(TARGET_NAME)";
				SWIFT_EMIT_LOC_STRINGS = YES;
				SWIFT_VERSION = 5.0;
				TARGETED_DEVICE_FAMILY = "1,2";
			};
			name = Debug;
		};
		93E444362A83CF4900D3E6CE /* Release */ = {
			isa = XCBuildConfiguration;
			buildSettings = {
				ASSETCATALOG_COMPILER_APPICON_NAME = AppIcon;
				ASSETCATALOG_COMPILER_GLOBAL_ACCENT_COLOR_NAME = AccentColor;
				CODE_SIGN_STYLE = Automatic;
				CURRENT_PROJECT_VERSION = 1;
				DEVELOPMENT_TEAM = 63ZB4894ZK;
				GENERATE_INFOPLIST_FILE = YES;
				INFOPLIST_FILE = NewsFeed/Info.plist;
				INFOPLIST_KEY_UIApplicationSupportsIndirectInputEvents = YES;
				INFOPLIST_KEY_UILaunchStoryboardName = LaunchScreen;
				INFOPLIST_KEY_UIMainStoryboardFile = Main;
				INFOPLIST_KEY_UISupportedInterfaceOrientations_iPad = "UIInterfaceOrientationPortrait UIInterfaceOrientationPortraitUpsideDown UIInterfaceOrientationLandscapeLeft UIInterfaceOrientationLandscapeRight";
				INFOPLIST_KEY_UISupportedInterfaceOrientations_iPhone = "UIInterfaceOrientationPortrait UIInterfaceOrientationLandscapeLeft UIInterfaceOrientationLandscapeRight";
				LD_RUNPATH_SEARCH_PATHS = (
					"$(inherited)",
					"@executable_path/Frameworks",
				);
				MARKETING_VERSION = 1.0;
				PRODUCT_BUNDLE_IDENTIFIER = com.testapp.NewsFeed;
				PRODUCT_NAME = "$(TARGET_NAME)";
				SWIFT_EMIT_LOC_STRINGS = YES;
				SWIFT_VERSION = 5.0;
				TARGETED_DEVICE_FAMILY = "1,2";
			};
			name = Release;
		};
		93E444382A83CF4900D3E6CE /* Debug */ = {
			isa = XCBuildConfiguration;
			buildSettings = {
				ALWAYS_EMBED_SWIFT_STANDARD_LIBRARIES = YES;
				BUNDLE_LOADER = "$(TEST_HOST)";
				CODE_SIGN_STYLE = Automatic;
				CURRENT_PROJECT_VERSION = 1;
				DEVELOPMENT_TEAM = 63ZB4894ZK;
				GENERATE_INFOPLIST_FILE = YES;
				IPHONEOS_DEPLOYMENT_TARGET = 16.4;
				MARKETING_VERSION = 1.0;
				PRODUCT_BUNDLE_IDENTIFIER = com.testapp.NewsFeedTests;
				PRODUCT_NAME = "$(TARGET_NAME)";
				SWIFT_EMIT_LOC_STRINGS = NO;
				SWIFT_VERSION = 5.0;
				TARGETED_DEVICE_FAMILY = "1,2";
				TEST_HOST = "$(BUILT_PRODUCTS_DIR)/NewsFeed.app/$(BUNDLE_EXECUTABLE_FOLDER_PATH)/NewsFeed";
			};
			name = Debug;
		};
		93E444392A83CF4900D3E6CE /* Release */ = {
			isa = XCBuildConfiguration;
			buildSettings = {
				ALWAYS_EMBED_SWIFT_STANDARD_LIBRARIES = YES;
				BUNDLE_LOADER = "$(TEST_HOST)";
				CODE_SIGN_STYLE = Automatic;
				CURRENT_PROJECT_VERSION = 1;
				DEVELOPMENT_TEAM = 63ZB4894ZK;
				GENERATE_INFOPLIST_FILE = YES;
				IPHONEOS_DEPLOYMENT_TARGET = 16.4;
				MARKETING_VERSION = 1.0;
				PRODUCT_BUNDLE_IDENTIFIER = com.testapp.NewsFeedTests;
				PRODUCT_NAME = "$(TARGET_NAME)";
				SWIFT_EMIT_LOC_STRINGS = NO;
				SWIFT_VERSION = 5.0;
				TARGETED_DEVICE_FAMILY = "1,2";
				TEST_HOST = "$(BUILT_PRODUCTS_DIR)/NewsFeed.app/$(BUNDLE_EXECUTABLE_FOLDER_PATH)/NewsFeed";
			};
			name = Release;
		};
		93E4443B2A83CF4900D3E6CE /* Debug */ = {
			isa = XCBuildConfiguration;
			buildSettings = {
				ALWAYS_EMBED_SWIFT_STANDARD_LIBRARIES = YES;
				CODE_SIGN_STYLE = Automatic;
				CURRENT_PROJECT_VERSION = 1;
				DEVELOPMENT_TEAM = 63ZB4894ZK;
				GENERATE_INFOPLIST_FILE = YES;
				MARKETING_VERSION = 1.0;
				PRODUCT_BUNDLE_IDENTIFIER = com.testapp.NewsFeedUITests;
				PRODUCT_NAME = "$(TARGET_NAME)";
				SWIFT_EMIT_LOC_STRINGS = NO;
				SWIFT_VERSION = 5.0;
				TARGETED_DEVICE_FAMILY = "1,2";
				TEST_TARGET_NAME = NewsFeed;
			};
			name = Debug;
		};
		93E4443C2A83CF4900D3E6CE /* Release */ = {
			isa = XCBuildConfiguration;
			buildSettings = {
				ALWAYS_EMBED_SWIFT_STANDARD_LIBRARIES = YES;
				CODE_SIGN_STYLE = Automatic;
				CURRENT_PROJECT_VERSION = 1;
				DEVELOPMENT_TEAM = 63ZB4894ZK;
				GENERATE_INFOPLIST_FILE = YES;
				MARKETING_VERSION = 1.0;
				PRODUCT_BUNDLE_IDENTIFIER = com.testapp.NewsFeedUITests;
				PRODUCT_NAME = "$(TARGET_NAME)";
				SWIFT_EMIT_LOC_STRINGS = NO;
				SWIFT_VERSION = 5.0;
				TARGETED_DEVICE_FAMILY = "1,2";
				TEST_TARGET_NAME = NewsFeed;
			};
			name = Release;
		};
/* End XCBuildConfiguration section */

/* Begin XCConfigurationList section */
		93E444052A83CF4700D3E6CE /* Build configuration list for PBXProject "NewsFeed" */ = {
			isa = XCConfigurationList;
			buildConfigurations = (
				93E444322A83CF4900D3E6CE /* Debug */,
				93E444332A83CF4900D3E6CE /* Release */,
			);
			defaultConfigurationIsVisible = 0;
			defaultConfigurationName = Release;
		};
		93E444342A83CF4900D3E6CE /* Build configuration list for PBXNativeTarget "NewsFeed" */ = {
			isa = XCConfigurationList;
			buildConfigurations = (
				93E444352A83CF4900D3E6CE /* Debug */,
				93E444362A83CF4900D3E6CE /* Release */,
			);
			defaultConfigurationIsVisible = 0;
			defaultConfigurationName = Release;
		};
		93E444372A83CF4900D3E6CE /* Build configuration list for PBXNativeTarget "NewsFeedTests" */ = {
			isa = XCConfigurationList;
			buildConfigurations = (
				93E444382A83CF4900D3E6CE /* Debug */,
				93E444392A83CF4900D3E6CE /* Release */,
			);
			defaultConfigurationIsVisible = 0;
			defaultConfigurationName = Release;
		};
		93E4443A2A83CF4900D3E6CE /* Build configuration list for PBXNativeTarget "NewsFeedUITests" */ = {
			isa = XCConfigurationList;
			buildConfigurations = (
				93E4443B2A83CF4900D3E6CE /* Debug */,
				93E4443C2A83CF4900D3E6CE /* Release */,
			);
			defaultConfigurationIsVisible = 0;
			defaultConfigurationName = Release;
		};
/* End XCConfigurationList section */

/* Begin XCRemoteSwiftPackageReference section */
		93E444432A8516EC00D3E6CE /* XCRemoteSwiftPackageReference "SnapKit" */ = {
			isa = XCRemoteSwiftPackageReference;
			repositoryURL = "https://github.com/SnapKit/SnapKit";
			requirement = {
				kind = upToNextMajorVersion;
				minimumVersion = 5.0.0;
			};
		};
/* End XCRemoteSwiftPackageReference section */

/* Begin XCSwiftPackageProductDependency section */
		93E444442A8516EC00D3E6CE /* SnapKit */ = {
			isa = XCSwiftPackageProductDependency;
			package = 93E444432A8516EC00D3E6CE /* XCRemoteSwiftPackageReference "SnapKit" */;
			productName = SnapKit;
		};
/* End XCSwiftPackageProductDependency section */
	};
	rootObject = 93E444022A83CF4700D3E6CE /* Project object */;
}
